// !$*UTF8*$!
{
	archiveVersion = 1;
	classes = {
	};
	objectVersion = 56;
	objects = {

/* Begin PBXBuildFile section */
		5CCA5F3E2BF3E2C300EF27B4 /* CatApp.swift in Sources */ = {isa = PBXBuildFile; fileRef = 5CCA5F3D2BF3E2C300EF27B4 /* CatApp.swift */; };
		5CCA5F402BF3E2C300EF27B4 /* ContentView.swift in Sources */ = {isa = PBXBuildFile; fileRef = 5CCA5F3F2BF3E2C300EF27B4 /* ContentView.swift */; };
		5CCA5F422BF3E2C600EF27B4 /* Assets.xcassets in Resources */ = {isa = PBXBuildFile; fileRef = 5CCA5F412BF3E2C600EF27B4 /* Assets.xcassets */; };
		5CCA5F452BF3E2C600EF27B4 /* Preview Assets.xcassets in Resources */ = {isa = PBXBuildFile; fileRef = 5CCA5F442BF3E2C600EF27B4 /* Preview Assets.xcassets */; };
		5CCA5F4F2BF3E2C600EF27B4 /* CatTests.swift in Sources */ = {isa = PBXBuildFile; fileRef = 5CCA5F4E2BF3E2C600EF27B4 /* CatTests.swift */; };
		5CCA5F592BF3E2C600EF27B4 /* CatUITests.swift in Sources */ = {isa = PBXBuildFile; fileRef = 5CCA5F582BF3E2C600EF27B4 /* CatUITests.swift */; };
		5CCA5F5B2BF3E2C600EF27B4 /* CatUITestsLaunchTests.swift in Sources */ = {isa = PBXBuildFile; fileRef = 5CCA5F5A2BF3E2C600EF27B4 /* CatUITestsLaunchTests.swift */; };
/* End PBXBuildFile section */

/* Begin PBXContainerItemProxy section */
		5CCA5F4B2BF3E2C600EF27B4 /* PBXContainerItemProxy */ = {
			isa = PBXContainerItemProxy;
			containerPortal = 5CCA5F322BF3E2C200EF27B4 /* Project object */;
			proxyType = 1;
			remoteGlobalIDString = 5CCA5F392BF3E2C300EF27B4;
			remoteInfo = Cat;
		};
		5CCA5F552BF3E2C600EF27B4 /* PBXContainerItemProxy */ = {
			isa = PBXContainerItemProxy;
			containerPortal = 5CCA5F322BF3E2C200EF27B4 /* Project object */;
			proxyType = 1;
			remoteGlobalIDString = 5CCA5F392BF3E2C300EF27B4;
			remoteInfo = Cat;
		};
/* End PBXContainerItemProxy section */

/* Begin PBXFileReference section */
		5C635A592C06B2F100CAE3EF /* Info.plist */ = {isa = PBXFileReference; lastKnownFileType = text.plist; path = Info.plist; sourceTree = "<group>"; };
		5CCA5F3A2BF3E2C300EF27B4 /* Cat.app */ = {isa = PBXFileReference; explicitFileType = wrapper.application; includeInIndex = 0; path = Cat.app; sourceTree = BUILT_PRODUCTS_DIR; };
		5CCA5F3D2BF3E2C300EF27B4 /* CatApp.swift */ = {isa = PBXFileReference; lastKnownFileType = sourcecode.swift; path = CatApp.swift; sourceTree = "<group>"; };
		5CCA5F3F2BF3E2C300EF27B4 /* ContentView.swift */ = {isa = PBXFileReference; lastKnownFileType = sourcecode.swift; path = ContentView.swift; sourceTree = "<group>"; };
		5CCA5F412BF3E2C600EF27B4 /* Assets.xcassets */ = {isa = PBXFileReference; lastKnownFileType = folder.assetcatalog; path = Assets.xcassets; sourceTree = "<group>"; };
		5CCA5F442BF3E2C600EF27B4 /* Preview Assets.xcassets */ = {isa = PBXFileReference; lastKnownFileType = folder.assetcatalog; path = "Preview Assets.xcassets"; sourceTree = "<group>"; };
		5CCA5F4A2BF3E2C600EF27B4 /* CatTests.xctest */ = {isa = PBXFileReference; explicitFileType = wrapper.cfbundle; includeInIndex = 0; path = CatTests.xctest; sourceTree = BUILT_PRODUCTS_DIR; };
		5CCA5F4E2BF3E2C600EF27B4 /* CatTests.swift */ = {isa = PBXFileReference; lastKnownFileType = sourcecode.swift; path = CatTests.swift; sourceTree = "<group>"; };
		5CCA5F542BF3E2C600EF27B4 /* CatUITests.xctest */ = {isa = PBXFileReference; explicitFileType = wrapper.cfbundle; includeInIndex = 0; path = CatUITests.xctest; sourceTree = BUILT_PRODUCTS_DIR; };
		5CCA5F582BF3E2C600EF27B4 /* CatUITests.swift */ = {isa = PBXFileReference; lastKnownFileType = sourcecode.swift; path = CatUITests.swift; sourceTree = "<group>"; };
		5CCA5F5A2BF3E2C600EF27B4 /* CatUITestsLaunchTests.swift */ = {isa = PBXFileReference; lastKnownFileType = sourcecode.swift; path = CatUITestsLaunchTests.swift; sourceTree = "<group>"; };
/* End PBXFileReference section */

/* Begin PBXFrameworksBuildPhase section */
		5CCA5F372BF3E2C300EF27B4 /* Frameworks */ = {
			isa = PBXFrameworksBuildPhase;
			buildActionMask = 2147483647;
			files = (
			);
			runOnlyForDeploymentPostprocessing = 0;
		};
		5CCA5F472BF3E2C600EF27B4 /* Frameworks */ = {
			isa = PBXFrameworksBuildPhase;
			buildActionMask = 2147483647;
			files = (
			);
			runOnlyForDeploymentPostprocessing = 0;
		};
		5CCA5F512BF3E2C600EF27B4 /* Frameworks */ = {
			isa = PBXFrameworksBuildPhase;
			buildActionMask = 2147483647;
			files = (
			);
			runOnlyForDeploymentPostprocessing = 0;
		};
/* End PBXFrameworksBuildPhase section */

/* Begin PBXGroup section */
		5CCA5F312BF3E2C200EF27B4 = {
			isa = PBXGroup;
			children = (
				5CCA5F3C2BF3E2C300EF27B4 /* Cat */,
				5CCA5F4D2BF3E2C600EF27B4 /* CatTests */,
				5CCA5F572BF3E2C600EF27B4 /* CatUITests */,
				5CCA5F3B2BF3E2C300EF27B4 /* Products */,
			);
			sourceTree = "<group>";
		};
		5CCA5F3B2BF3E2C300EF27B4 /* Products */ = {
			isa = PBXGroup;
			children = (
				5CCA5F3A2BF3E2C300EF27B4 /* Cat.app */,
				5CCA5F4A2BF3E2C600EF27B4 /* CatTests.xctest */,
				5CCA5F542BF3E2C600EF27B4 /* CatUITests.xctest */,
			);
			name = Products;
			sourceTree = "<group>";
		};
		5CCA5F3C2BF3E2C300EF27B4 /* Cat */ = {
			isa = PBXGroup;
			children = (
				5C635A592C06B2F100CAE3EF /* Info.plist */,
				5CCA5F3D2BF3E2C300EF27B4 /* CatApp.swift */,
				5CCA5F3F2BF3E2C300EF27B4 /* ContentView.swift */,
				5CCA5F412BF3E2C600EF27B4 /* Assets.xcassets */,
				5CCA5F432BF3E2C600EF27B4 /* Preview Content */,
			);
			path = Cat;
			sourceTree = "<group>";
		};
		5CCA5F432BF3E2C600EF27B4 /* Preview Content */ = {
			isa = PBXGroup;
			children = (
				5CCA5F442BF3E2C600EF27B4 /* Preview Assets.xcassets */,
			);
			path = "Preview Content";
			sourceTree = "<group>";
		};
		5CCA5F4D2BF3E2C600EF27B4 /* CatTests */ = {
			isa = PBXGroup;
			children = (
				5CCA5F4E2BF3E2C600EF27B4 /* CatTests.swift */,
			);
			path = CatTests;
			sourceTree = "<group>";
		};
		5CCA5F572BF3E2C600EF27B4 /* CatUITests */ = {
			isa = PBXGroup;
			children = (
				5CCA5F582BF3E2C600EF27B4 /* CatUITests.swift */,
				5CCA5F5A2BF3E2C600EF27B4 /* CatUITestsLaunchTests.swift */,
			);
			path = CatUITests;
			sourceTree = "<group>";
		};
/* End PBXGroup section */

/* Begin PBXNativeTarget section */
		5CCA5F392BF3E2C300EF27B4 /* Cat */ = {
			isa = PBXNativeTarget;
			buildConfigurationList = 5CCA5F5E2BF3E2C600EF27B4 /* Build configuration list for PBXNativeTarget "Cat" */;
			buildPhases = (
				5CCA5F362BF3E2C300EF27B4 /* Sources */,
				5CCA5F372BF3E2C300EF27B4 /* Frameworks */,
				5CCA5F382BF3E2C300EF27B4 /* Resources */,
			);
			buildRules = (
			);
			dependencies = (
			);
			name = Cat;
			productName = Cat;
			productReference = 5CCA5F3A2BF3E2C300EF27B4 /* Cat.app */;
			productType = "com.apple.product-type.application";
		};
		5CCA5F492BF3E2C600EF27B4 /* CatTests */ = {
			isa = PBXNativeTarget;
			buildConfigurationList = 5CCA5F612BF3E2C600EF27B4 /* Build configuration list for PBXNativeTarget "CatTests" */;
			buildPhases = (
				5CCA5F462BF3E2C600EF27B4 /* Sources */,
				5CCA5F472BF3E2C600EF27B4 /* Frameworks */,
				5CCA5F482BF3E2C600EF27B4 /* Resources */,
			);
			buildRules = (
			);
			dependencies = (
				5CCA5F4C2BF3E2C600EF27B4 /* PBXTargetDependency */,
			);
			name = CatTests;
			productName = CatTests;
			productReference = 5CCA5F4A2BF3E2C600EF27B4 /* CatTests.xctest */;
			productType = "com.apple.product-type.bundle.unit-test";
		};
		5CCA5F532BF3E2C600EF27B4 /* CatUITests */ = {
			isa = PBXNativeTarget;
			buildConfigurationList = 5CCA5F642BF3E2C600EF27B4 /* Build configuration list for PBXNativeTarget "CatUITests" */;
			buildPhases = (
				5CCA5F502BF3E2C600EF27B4 /* Sources */,
				5CCA5F512BF3E2C600EF27B4 /* Frameworks */,
				5CCA5F522BF3E2C600EF27B4 /* Resources */,
			);
			buildRules = (
			);
			dependencies = (
				5CCA5F562BF3E2C600EF27B4 /* PBXTargetDependency */,
			);
			name = CatUITests;
			productName = CatUITests;
			productReference = 5CCA5F542BF3E2C600EF27B4 /* CatUITests.xctest */;
			productType = "com.apple.product-type.bundle.ui-testing";
		};
/* End PBXNativeTarget section */

/* Begin PBXProject section */
		5CCA5F322BF3E2C200EF27B4 /* Project object */ = {
			isa = PBXProject;
			attributes = {
				BuildIndependentTargetsInParallel = 1;
				LastSwiftUpdateCheck = 1530;
				LastUpgradeCheck = 1530;
				TargetAttributes = {
					5CCA5F392BF3E2C300EF27B4 = {
						CreatedOnToolsVersion = 15.3;
					};
					5CCA5F492BF3E2C600EF27B4 = {
						CreatedOnToolsVersion = 15.3;
						TestTargetID = 5CCA5F392BF3E2C300EF27B4;
					};
					5CCA5F532BF3E2C600EF27B4 = {
						CreatedOnToolsVersion = 15.3;
						TestTargetID = 5CCA5F392BF3E2C300EF27B4;
					};
				};
			};
			buildConfigurationList = 5CCA5F352BF3E2C300EF27B4 /* Build configuration list for PBXProject "Cat" */;
			compatibilityVersion = "Xcode 14.0";
			developmentRegion = en;
			hasScannedForEncodings = 0;
			knownRegions = (
				en,
				Base,
			);
			mainGroup = 5CCA5F312BF3E2C200EF27B4;
			productRefGroup = 5CCA5F3B2BF3E2C300EF27B4 /* Products */;
			projectDirPath = "";
			projectRoot = "";
			targets = (
				5CCA5F392BF3E2C300EF27B4 /* Cat */,
				5CCA5F492BF3E2C600EF27B4 /* CatTests */,
				5CCA5F532BF3E2C600EF27B4 /* CatUITests */,
			);
		};
/* End PBXProject section */

/* Begin PBXResourcesBuildPhase section */
		5CCA5F382BF3E2C300EF27B4 /* Resources */ = {
			isa = PBXResourcesBuildPhase;
			buildActionMask = 2147483647;
			files = (
				5CCA5F452BF3E2C600EF27B4 /* Preview Assets.xcassets in Resources */,
				5CCA5F422BF3E2C600EF27B4 /* Assets.xcassets in Resources */,
			);
			runOnlyForDeploymentPostprocessing = 0;
		};
		5CCA5F482BF3E2C600EF27B4 /* Resources */ = {
			isa = PBXResourcesBuildPhase;
			buildActionMask = 2147483647;
			files = (
			);
			runOnlyForDeploymentPostprocessing = 0;
		};
		5CCA5F522BF3E2C600EF27B4 /* Resources */ = {
			isa = PBXResourcesBuildPhase;
			buildActionMask = 2147483647;
			files = (
			);
			runOnlyForDeploymentPostprocessing = 0;
		};
/* End PBXResourcesBuildPhase section */

/* Begin PBXSourcesBuildPhase section */
		5CCA5F362BF3E2C300EF27B4 /* Sources */ = {
			isa = PBXSourcesBuildPhase;
			buildActionMask = 2147483647;
			files = (
				5CCA5F402BF3E2C300EF27B4 /* ContentView.swift in Sources */,
				5CCA5F3E2BF3E2C300EF27B4 /* CatApp.swift in Sources */,
			);
			runOnlyForDeploymentPostprocessing = 0;
		};
		5CCA5F462BF3E2C600EF27B4 /* Sources */ = {
			isa = PBXSourcesBuildPhase;
			buildActionMask = 2147483647;
			files = (
				5CCA5F4F2BF3E2C600EF27B4 /* CatTests.swift in Sources */,
			);
			runOnlyForDeploymentPostprocessing = 0;
		};
		5CCA5F502BF3E2C600EF27B4 /* Sources */ = {
			isa = PBXSourcesBuildPhase;
			buildActionMask = 2147483647;
			files = (
				5CCA5F592BF3E2C600EF27B4 /* CatUITests.swift in Sources */,
				5CCA5F5B2BF3E2C600EF27B4 /* CatUITestsLaunchTests.swift in Sources */,
			);
			runOnlyForDeploymentPostprocessing = 0;
		};
/* End PBXSourcesBuildPhase section */

/* Begin PBXTargetDependency section */
		5CCA5F4C2BF3E2C600EF27B4 /* PBXTargetDependency */ = {
			isa = PBXTargetDependency;
			target = 5CCA5F392BF3E2C300EF27B4 /* Cat */;
			targetProxy = 5CCA5F4B2BF3E2C600EF27B4 /* PBXContainerItemProxy */;
		};
		5CCA5F562BF3E2C600EF27B4 /* PBXTargetDependency */ = {
			isa = PBXTargetDependency;
			target = 5CCA5F392BF3E2C300EF27B4 /* Cat */;
			targetProxy = 5CCA5F552BF3E2C600EF27B4 /* PBXContainerItemProxy */;
		};
/* End PBXTargetDependency section */

/* Begin XCBuildConfiguration section */
		5CCA5F5C2BF3E2C600EF27B4 /* Debug */ = {
			isa = XCBuildConfiguration;
			buildSettings = {
				ALWAYS_SEARCH_USER_PATHS = NO;
				ASSETCATALOG_COMPILER_GENERATE_SWIFT_ASSET_SYMBOL_EXTENSIONS = YES;
				CLANG_ANALYZER_NONNULL = YES;
				CLANG_ANALYZER_NUMBER_OBJECT_CONVERSION = YES_AGGRESSIVE;
				CLANG_CXX_LANGUAGE_STANDARD = "gnu++20";
				CLANG_ENABLE_MODULES = YES;
				CLANG_ENABLE_OBJC_ARC = YES;
				CLANG_ENABLE_OBJC_WEAK = YES;
				CLANG_WARN_BLOCK_CAPTURE_AUTORELEASING = YES;
				CLANG_WARN_BOOL_CONVERSION = YES;
				CLANG_WARN_COMMA = YES;
				CLANG_WARN_CONSTANT_CONVERSION = YES;
				CLANG_WARN_DEPRECATED_OBJC_IMPLEMENTATIONS = YES;
				CLANG_WARN_DIRECT_OBJC_ISA_USAGE = YES_ERROR;
				CLANG_WARN_DOCUMENTATION_COMMENTS = YES;
				CLANG_WARN_EMPTY_BODY = YES;
				CLANG_WARN_ENUM_CONVERSION = YES;
				CLANG_WARN_INFINITE_RECURSION = YES;
				CLANG_WARN_INT_CONVERSION = YES;
				CLANG_WARN_NON_LITERAL_NULL_CONVERSION = YES;
				CLANG_WARN_OBJC_IMPLICIT_RETAIN_SELF = YES;
				CLANG_WARN_OBJC_LITERAL_CONVERSION = YES;
				CLANG_WARN_OBJC_ROOT_CLASS = YES_ERROR;
				CLANG_WARN_QUOTED_INCLUDE_IN_FRAMEWORK_HEADER = YES;
				CLANG_WARN_RANGE_LOOP_ANALYSIS = YES;
				CLANG_WARN_STRICT_PROTOTYPES = YES;
				CLANG_WARN_SUSPICIOUS_MOVE = YES;
				CLANG_WARN_UNGUARDED_AVAILABILITY = YES_AGGRESSIVE;
				CLANG_WARN_UNREACHABLE_CODE = YES;
				CLANG_WARN__DUPLICATE_METHOD_MATCH = YES;
				COPY_PHASE_STRIP = NO;
				DEBUG_INFORMATION_FORMAT = dwarf;
				ENABLE_STRICT_OBJC_MSGSEND = YES;
				ENABLE_TESTABILITY = YES;
				ENABLE_USER_SCRIPT_SANDBOXING = YES;
				GCC_C_LANGUAGE_STANDARD = gnu17;
				GCC_DYNAMIC_NO_PIC = NO;
				GCC_NO_COMMON_BLOCKS = YES;
				GCC_OPTIMIZATION_LEVEL = 0;
				GCC_PREPROCESSOR_DEFINITIONS = (
					"DEBUG=1",
					"$(inherited)",
				);
				GCC_WARN_64_TO_32_BIT_CONVERSION = YES;
				GCC_WARN_ABOUT_RETURN_TYPE = YES_ERROR;
				GCC_WARN_UNDECLARED_SELECTOR = YES;
				GCC_WARN_UNINITIALIZED_AUTOS = YES_AGGRESSIVE;
				GCC_WARN_UNUSED_FUNCTION = YES;
				GCC_WARN_UNUSED_VARIABLE = YES;
				IPHONEOS_DEPLOYMENT_TARGET = 17.4;
				LOCALIZATION_PREFERS_STRING_CATALOGS = YES;
				MTL_ENABLE_DEBUG_INFO = INCLUDE_SOURCE;
				MTL_FAST_MATH = YES;
				ONLY_ACTIVE_ARCH = YES;
				SDKROOT = iphoneos;
				SWIFT_ACTIVE_COMPILATION_CONDITIONS = "DEBUG $(inherited)";
				SWIFT_OPTIMIZATION_LEVEL = "-Onone";
			};
			name = Debug;
		};
		5CCA5F5D2BF3E2C600EF27B4 /* Release */ = {
			isa = XCBuildConfiguration;
			buildSettings = {
				ALWAYS_SEARCH_USER_PATHS = NO;
				ASSETCATALOG_COMPILER_GENERATE_SWIFT_ASSET_SYMBOL_EXTENSIONS = YES;
				CLANG_ANALYZER_NONNULL = YES;
				CLANG_ANALYZER_NUMBER_OBJECT_CONVERSION = YES_AGGRESSIVE;
				CLANG_CXX_LANGUAGE_STANDARD = "gnu++20";
				CLANG_ENABLE_MODULES = YES;
				CLANG_ENABLE_OBJC_ARC = YES;
				CLANG_ENABLE_OBJC_WEAK = YES;
				CLANG_WARN_BLOCK_CAPTURE_AUTORELEASING = YES;
				CLANG_WARN_BOOL_CONVERSION = YES;
				CLANG_WARN_COMMA = YES;
				CLANG_WARN_CONSTANT_CONVERSION = YES;
				CLANG_WARN_DEPRECATED_OBJC_IMPLEMENTATIONS = YES;
				CLANG_WARN_DIRECT_OBJC_ISA_USAGE = YES_ERROR;
				CLANG_WARN_DOCUMENTATION_COMMENTS = YES;
				CLANG_WARN_EMPTY_BODY = YES;
				CLANG_WARN_ENUM_CONVERSION = YES;
				CLANG_WARN_INFINITE_RECURSION = YES;
				CLANG_WARN_INT_CONVERSION = YES;
				CLANG_WARN_NON_LITERAL_NULL_CONVERSION = YES;
				CLANG_WARN_OBJC_IMPLICIT_RETAIN_SELF = YES;
				CLANG_WARN_OBJC_LITERAL_CONVERSION = YES;
				CLANG_WARN_OBJC_ROOT_CLASS = YES_ERROR;
				CLANG_WARN_QUOTED_INCLUDE_IN_FRAMEWORK_HEADER = YES;
				CLANG_WARN_RANGE_LOOP_ANALYSIS = YES;
				CLANG_WARN_STRICT_PROTOTYPES = YES;
				CLANG_WARN_SUSPICIOUS_MOVE = YES;
				CLANG_WARN_UNGUARDED_AVAILABILITY = YES_AGGRESSIVE;
				CLANG_WARN_UNREACHABLE_CODE = YES;
				CLANG_WARN__DUPLICATE_METHOD_MATCH = YES;
				COPY_PHASE_STRIP = NO;
				DEBUG_INFORMATION_FORMAT = "dwarf-with-dsym";
				ENABLE_NS_ASSERTIONS = NO;
				ENABLE_STRICT_OBJC_MSGSEND = YES;
				ENABLE_USER_SCRIPT_SANDBOXING = YES;
				GCC_C_LANGUAGE_STANDARD = gnu17;
				GCC_NO_COMMON_BLOCKS = YES;
				GCC_WARN_64_TO_32_BIT_CONVERSION = YES;
				GCC_WARN_ABOUT_RETURN_TYPE = YES_ERROR;
				GCC_WARN_UNDECLARED_SELECTOR = YES;
				GCC_WARN_UNINITIALIZED_AUTOS = YES_AGGRESSIVE;
				GCC_WARN_UNUSED_FUNCTION = YES;
				GCC_WARN_UNUSED_VARIABLE = YES;
				IPHONEOS_DEPLOYMENT_TARGET = 17.4;
				LOCALIZATION_PREFERS_STRING_CATALOGS = YES;
				MTL_ENABLE_DEBUG_INFO = NO;
				MTL_FAST_MATH = YES;
				SDKROOT = iphoneos;
				SWIFT_COMPILATION_MODE = wholemodule;
				VALIDATE_PRODUCT = YES;
			};
			name = Release;
		};
		5CCA5F5F2BF3E2C600EF27B4 /* Debug */ = {
			isa = XCBuildConfiguration;
			buildSettings = {
				ASSETCATALOG_COMPILER_APPICON_NAME = AppIcon;
				ASSETCATALOG_COMPILER_GLOBAL_ACCENT_COLOR_NAME = AccentColor;
				CODE_SIGN_STYLE = Automatic;
				CURRENT_PROJECT_VERSION = 1;
				DEVELOPMENT_ASSET_PATHS = "\"Cat/Preview Content\"";
				DEVELOPMENT_TEAM = XN4T2589X5;
				ENABLE_PREVIEWS = YES;
				GENERATE_INFOPLIST_FILE = YES;
				INFOPLIST_FILE = Cat/Info.plist;
				INFOPLIST_KEY_UIApplicationSceneManifest_Generation = YES;
				INFOPLIST_KEY_UIApplicationSupportsIndirectInputEvents = YES;
				INFOPLIST_KEY_UISupportedInterfaceOrientations_iPad = "UIInterfaceOrientationPortrait UIInterfaceOrientationPortraitUpsideDown UIInterfaceOrientationLandscapeLeft UIInterfaceOrientationLandscapeRight";
				INFOPLIST_KEY_UISupportedInterfaceOrientations_iPhone = "UIInterfaceOrientationPortrait UIInterfaceOrientationLandscapeLeft UIInterfaceOrientationLandscapeRight";
				LD_RUNPATH_SEARCH_PATHS = (
					"$(inherited)",
					"@executable_path/Frameworks",
				);
				MARKETING_VERSION = 1.0;
				PRODUCT_BUNDLE_IDENTIFIER = "-.Cat";
				PRODUCT_NAME = "$(TARGET_NAME)";
				SWIFT_EMIT_LOC_STRINGS = YES;
				SWIFT_VERSION = 5.0;
				TARGETED_DEVICE_FAMILY = "1,2";
			};
			name = Debug;
		};
		5CCA5F602BF3E2C600EF27B4 /* Release */ = {
			isa = XCBuildConfiguration;
			buildSettings = {
				ASSETCATALOG_COMPILER_APPICON_NAME = AppIcon;
				ASSETCATALOG_COMPILER_GLOBAL_ACCENT_COLOR_NAME = AccentColor;
				CODE_SIGN_STYLE = Automatic;
				CURRENT_PROJECT_VERSION = 1;
				DEVELOPMENT_ASSET_PATHS = "\"Cat/Preview Content\"";
				DEVELOPMENT_TEAM = XN4T2589X5;
				ENABLE_PREVIEWS = YES;
				GENERATE_INFOPLIST_FILE = YES;
				INFOPLIST_FILE = Cat/Info.plist;
				INFOPLIST_KEY_UIApplicationSceneManifest_Generation = YES;
				INFOPLIST_KEY_UIApplicationSupportsIndirectInputEvents = YES;
				INFOPLIST_KEY_UISupportedInterfaceOrientations_iPad = "UIInterfaceOrientationPortrait UIInterfaceOrientationPortraitUpsideDown UIInterfaceOrientationLandscapeLeft UIInterfaceOrientationLandscapeRight";
				INFOPLIST_KEY_UISupportedInterfaceOrientations_iPhone = "UIInterfaceOrientationPortrait UIInterfaceOrientationLandscapeLeft UIInterfaceOrientationLandscapeRight";
				LD_RUNPATH_SEARCH_PATHS = (
					"$(inherited)",
					"@executable_path/Frameworks",
				);
				MARKETING_VERSION = 1.0;
				PRODUCT_BUNDLE_IDENTIFIER = "-.Cat";
				PRODUCT_NAME = "$(TARGET_NAME)";
				SWIFT_EMIT_LOC_STRINGS = YES;
				SWIFT_VERSION = 5.0;
				TARGETED_DEVICE_FAMILY = "1,2";
			};
			name = Release;
		};
		5CCA5F622BF3E2C600EF27B4 /* Debug */ = {
			isa = XCBuildConfiguration;
			buildSettings = {
				ALWAYS_EMBED_SWIFT_STANDARD_LIBRARIES = YES;
				BUNDLE_LOADER = "$(TEST_HOST)";
				CODE_SIGN_STYLE = Automatic;
				CURRENT_PROJECT_VERSION = 1;
				GENERATE_INFOPLIST_FILE = YES;
				IPHONEOS_DEPLOYMENT_TARGET = 17.4;
				MARKETING_VERSION = 1.0;
				PRODUCT_BUNDLE_IDENTIFIER = "-.CatTests";
				PRODUCT_NAME = "$(TARGET_NAME)";
				SWIFT_EMIT_LOC_STRINGS = NO;
				SWIFT_VERSION = 5.0;
				TARGETED_DEVICE_FAMILY = "1,2";
				TEST_HOST = "$(BUILT_PRODUCTS_DIR)/Cat.app/$(BUNDLE_EXECUTABLE_FOLDER_PATH)/Cat";
			};
			name = Debug;
		};
		5CCA5F632BF3E2C600EF27B4 /* Release */ = {
			isa = XCBuildConfiguration;
			buildSettings = {
				ALWAYS_EMBED_SWIFT_STANDARD_LIBRARIES = YES;
				BUNDLE_LOADER = "$(TEST_HOST)";
				CODE_SIGN_STYLE = Automatic;
				CURRENT_PROJECT_VERSION = 1;
				GENERATE_INFOPLIST_FILE = YES;
				IPHONEOS_DEPLOYMENT_TARGET = 17.4;
				MARKETING_VERSION = 1.0;
				PRODUCT_BUNDLE_IDENTIFIER = "-.CatTests";
				PRODUCT_NAME = "$(TARGET_NAME)";
				SWIFT_EMIT_LOC_STRINGS = NO;
				SWIFT_VERSION = 5.0;
				TARGETED_DEVICE_FAMILY = "1,2";
				TEST_HOST = "$(BUILT_PRODUCTS_DIR)/Cat.app/$(BUNDLE_EXECUTABLE_FOLDER_PATH)/Cat";
			};
			name = Release;
		};
		5CCA5F652BF3E2C600EF27B4 /* Debug */ = {
			isa = XCBuildConfiguration;
			buildSettings = {
				ALWAYS_EMBED_SWIFT_STANDARD_LIBRARIES = YES;
				CODE_SIGN_STYLE = Automatic;
				CURRENT_PROJECT_VERSION = 1;
				GENERATE_INFOPLIST_FILE = YES;
				MARKETING_VERSION = 1.0;
				PRODUCT_BUNDLE_IDENTIFIER = "-.CatUITests";
				PRODUCT_NAME = "$(TARGET_NAME)";
				SWIFT_EMIT_LOC_STRINGS = NO;
				SWIFT_VERSION = 5.0;
				TARGETED_DEVICE_FAMILY = "1,2";
				TEST_TARGET_NAME = Cat;
			};
			name = Debug;
		};
		5CCA5F662BF3E2C600EF27B4 /* Release */ = {
			isa = XCBuildConfiguration;
			buildSettings = {
				ALWAYS_EMBED_SWIFT_STANDARD_LIBRARIES = YES;
				CODE_SIGN_STYLE = Automatic;
				CURRENT_PROJECT_VERSION = 1;
				GENERATE_INFOPLIST_FILE = YES;
				MARKETING_VERSION = 1.0;
				PRODUCT_BUNDLE_IDENTIFIER = "-.CatUITests";
				PRODUCT_NAME = "$(TARGET_NAME)";
				SWIFT_EMIT_LOC_STRINGS = NO;
				SWIFT_VERSION = 5.0;
				TARGETED_DEVICE_FAMILY = "1,2";
				TEST_TARGET_NAME = Cat;
			};
			name = Release;
		};
/* End XCBuildConfiguration section */

/* Begin XCConfigurationList section */
		5CCA5F352BF3E2C300EF27B4 /* Build configuration list for PBXProject "Cat" */ = {
			isa = XCConfigurationList;
			buildConfigurations = (
				5CCA5F5C2BF3E2C600EF27B4 /* Debug */,
				5CCA5F5D2BF3E2C600EF27B4 /* Release */,
			);
			defaultConfigurationIsVisible = 0;
			defaultConfigurationName = Release;
		};
		5CCA5F5E2BF3E2C600EF27B4 /* Build configuration list for PBXNativeTarget "Cat" */ = {
			isa = XCConfigurationList;
			buildConfigurations = (
				5CCA5F5F2BF3E2C600EF27B4 /* Debug */,
				5CCA5F602BF3E2C600EF27B4 /* Release */,
			);
			defaultConfigurationIsVisible = 0;
			defaultConfigurationName = Release;
		};
		5CCA5F612BF3E2C600EF27B4 /* Build configuration list for PBXNativeTarget "CatTests" */ = {
			isa = XCConfigurationList;
			buildConfigurations = (
				5CCA5F622BF3E2C600EF27B4 /* Debug */,
				5CCA5F632BF3E2C600EF27B4 /* Release */,
			);
			defaultConfigurationIsVisible = 0;
			defaultConfigurationName = Release;
		};
		5CCA5F642BF3E2C600EF27B4 /* Build configuration list for PBXNativeTarget "CatUITests" */ = {
			isa = XCConfigurationList;
			buildConfigurations = (
				5CCA5F652BF3E2C600EF27B4 /* Debug */,
				5CCA5F662BF3E2C600EF27B4 /* Release */,
			);
			defaultConfigurationIsVisible = 0;
			defaultConfigurationName = Release;
		};
/* End XCConfigurationList section */
	};
	rootObject = 5CCA5F322BF3E2C200EF27B4 /* Project object */;
}
